# This file is automatically @generated by Cargo.
# It is not intended for manual editing.
version = 4

[[package]]
name = "cli"
version = "0.0.0"

[[package]]
name = "font_faces"
version = "0.0.0"

[[package]]
name = "pomodoro"
version = "0.0.0"

[[package]]
name = "tui"
version = "0.0.0"

[[package]]
name = "user_config_loader"
version = "0.0.0"
